
Microsoft Visual Studio Solution File, Format Version 12.00
# Visual Studio Version 17
VisualStudioVersion = 17.4.33122.133
MinimumVisualStudioVersion = 10.0.40219.1
Project("{FAE04EC0-301F-11D3-BF4B-00C04F79EFBC}") = "MaktabWebApplication1", "MaktabWebApplication1\MaktabWebApplication1.csproj", "{DD9A4187-C6DD-43E4-AA9E-0C5FE6984D3A}"
EndProject
Global
	GlobalSection(SolutionConfigurationPlatforms) = preSolution
		Debug|Any CPU = Debug|Any CPU
		Release|Any CPU = Release|Any CPU
	EndGlobalSection
	GlobalSection(ProjectConfigurationPlatforms) = postSolution
		{DD9A4187-C6DD-43E4-AA9E-0C5FE6984D3A}.Debug|Any CPU.ActiveCfg = Debug|Any CPU
		{DD9A4187-C6DD-43E4-AA9E-0C5FE6984D3A}.Debug|Any CPU.Build.0 = Debug|Any CPU
		{DD9A4187-C6DD-43E4-AA9E-0C5FE6984D3A}.Release|Any CPU.ActiveCfg = Release|Any CPU
		{DD9A4187-C6DD-43E4-AA9E-0C5FE6984D3A}.Release|Any CPU.Build.0 = Release|Any CPU
	EndGlobalSection
	GlobalSection(SolutionProperties) = preSolution
		HideSolutionNode = FALSE
	EndGlobalSection
	GlobalSection(ExtensibilityGlobals) = postSolution
		SolutionGuid = {C1722BF7-E95E-40EA-8C01-B4279048DB59}
	EndGlobalSection
EndGlobal
